
Microsoft Visual Studio Solution File, Format Version 12.00
# Visual Studio Version 17
VisualStudioVersion = 17.3.32929.385
MinimumVisualStudioVersion = 10.0.40219.1
Project("{FAE04EC0-301F-11D3-BF4B-00C04F79EFBC}") = "EmpowerIDEMSApp", "EmpowerIDEMSApp.csproj", "{75EFA37D-7515-4825-BFC0-6BF571EC0764}"
EndProject
Global
	GlobalSection(SolutionConfigurationPlatforms) = preSolution
		Debug|Any CPU = Debug|Any CPU
		Release|Any CPU = Release|Any CPU
	EndGlobalSection
	GlobalSection(ProjectConfigurationPlatforms) = postSolution
		{75EFA37D-7515-4825-BFC0-6BF571EC0764}.Debug|Any CPU.ActiveCfg = Debug|Any CPU
		{75EFA37D-7515-4825-BFC0-6BF571EC0764}.Debug|Any CPU.Build.0 = Debug|Any CPU
		{75EFA37D-7515-4825-BFC0-6BF571EC0764}.Release|Any CPU.ActiveCfg = Release|Any CPU
		{75EFA37D-7515-4825-BFC0-6BF571EC0764}.Release|Any CPU.Build.0 = Release|Any CPU
	EndGlobalSection
	GlobalSection(SolutionProperties) = preSolution
		HideSolutionNode = FALSE
	EndGlobalSection
	GlobalSection(ExtensibilityGlobals) = postSolution
		SolutionGuid = {F12D60BC-FC56-4ED9-B0A1-CF0DBE018440}
	EndGlobalSection
EndGlobal
